Microsoft Visual Studio Solution File, Format Version 12.00
# Visual Studio Version 18
VisualStudioVersion = 18.0.11222.15
MinimumVisualStudioVersion = 10.0.40219.1
Project("{FAE04EC0-301F-11D3-BF4B-00C04F79EFBC}") = "OracleReportExport.Domain", "src\OracleReportExport.Domain\OracleReportExport.Domain.csproj", "{460C993A-4930-40E8-97D0-16D20C26D4E0}"
EndProject
Project("{FAE04EC0-301F-11D3-BF4B-00C04F79EFBC}") = "OracleReportExport.Application", "src\OracleReportExport.Application\OracleReportExport.Application.csproj", "{4F759D1D-4DB0-4EA9-9C37-9FE38FA630E9}"
EndProject
Project("{FAE04EC0-301F-11D3-BF4B-00C04F79EFBC}") = "OracleReportExport.Infrastructure", "src\OracleReportExport.Infrastructure\OracleReportExport.Infrastructure.csproj", "{86727252-655B-431D-83B6-08DABC2E7B9A}"
EndProject
Project("{FAE04EC0-301F-11D3-BF4B-00C04F79EFBC}") = "OracleReportExport.Presentation.Desktop", "src\OracleReportExport.Presentation.Desktop\OracleReportExport.Presentation.Desktop.csproj", "{8B18C263-84EF-4605-8214-0DD89842C4E4}"
EndProject
Project("{FAE04EC0-301F-11D3-BF4B-00C04F79EFBC}") = "OracleReportExport.Domain.Tests", "tests\OracleReportExport.Domain.Tests\OracleReportExport.Domain.Tests.csproj", "{6FD36D8B-E4D9-470B-A535-1583605E42C8}"
EndProject
Project("{FAE04EC0-301F-11D3-BF4B-00C04F79EFBC}") = "OracleReportExport.Application.Tests", "tests\OracleReportExport.Application.Tests\OracleReportExport.Application.Tests.csproj", "{036DB0E6-320D-4B25-A905-C10BE61A9C40}"
EndProject
Project("{FAE04EC0-301F-11D3-BF4B-00C04F79EFBC}") = "OracleReportExport.Infrastructure.Tests", "tests\OracleReportExport.Infrastructure.Tests\OracleReportExport.Infrastructure.Tests.csproj", "{6EE468EA-CBC0-4DA0-BE98-255D48B5BF31}"
EndProject
Project("{FAE04EC0-301F-11D3-BF4B-00C04F79EFBC}") = "OracleReportExport.Migration", "OracleReportExport.Migration\OracleReportExport.Migration.csproj", "{C017846F-3047-4894-BF60-7773007F0E1D}"
EndProject
Project("{B7DD6F7E-DEF8-4E67-B5B7-07EF123DB6F0}") = "OracleReportExport.Setup", "OracleReportExport.Setup\OracleReportExport.Setup.wixproj", "{B33E0959-DD9D-4430-B14A-734BDA6C6E26}"
EndProject
Global
	GlobalSection(SolutionConfigurationPlatforms) = preSolution
		Debug|Any CPU = Debug|Any CPU
		Debug|ARM64 = Debug|ARM64
		Debug|x64 = Debug|x64
		Debug|x86 = Debug|x86
		Release|Any CPU = Release|Any CPU
		Release|ARM64 = Release|ARM64
		Release|x64 = Release|x64
		Release|x86 = Release|x86
	EndGlobalSection
	GlobalSection(ProjectConfigurationPlatforms) = postSolution
		{460C993A-4930-40E8-97D0-16D20C26D4E0}.Debug|Any CPU.ActiveCfg = Debug|Any CPU
		{460C993A-4930-40E8-97D0-16D20C26D4E0}.Debug|Any CPU.Build.0 = Debug|Any CPU
		{460C993A-4930-40E8-97D0-16D20C26D4E0}.Debug|ARM64.ActiveCfg = Debug|Any CPU
		{460C993A-4930-40E8-97D0-16D20C26D4E0}.Debug|ARM64.Build.0 = Debug|Any CPU
		{460C993A-4930-40E8-97D0-16D20C26D4E0}.Debug|x64.ActiveCfg = Debug|Any CPU
		{460C993A-4930-40E8-97D0-16D20C26D4E0}.Debug|x64.Build.0 = Debug|Any CPU
		{460C993A-4930-40E8-97D0-16D20C26D4E0}.Debug|x86.ActiveCfg = Debug|Any CPU
		{460C993A-4930-40E8-97D0-16D20C26D4E0}.Debug|x86.Build.0 = Debug|Any CPU
		{460C993A-4930-40E8-97D0-16D20C26D4E0}.Release|Any CPU.ActiveCfg = Release|Any CPU
		{460C993A-4930-40E8-97D0-16D20C26D4E0}.Release|Any CPU.Build.0 = Release|Any CPU
		{460C993A-4930-40E8-97D0-16D20C26D4E0}.Release|ARM64.ActiveCfg = Release|Any CPU
		{460C993A-4930-40E8-97D0-16D20C26D4E0}.Release|ARM64.Build.0 = Release|Any CPU
		{460C993A-4930-40E8-97D0-16D20C26D4E0}.Release|x64.ActiveCfg = Release|Any CPU
		{460C993A-4930-40E8-97D0-16D20C26D4E0}.Release|x64.Build.0 = Release|Any CPU
		{460C993A-4930-40E8-97D0-16D20C26D4E0}.Release|x86.ActiveCfg = Release|Any CPU
		{460C993A-4930-40E8-97D0-16D20C26D4E0}.Release|x86.Build.0 = Release|Any CPU
		{4F759D1D-4DB0-4EA9-9C37-9FE38FA630E9}.Debug|Any CPU.ActiveCfg = Debug|Any CPU
		{4F759D1D-4DB0-4EA9-9C37-9FE38FA630E9}.Debug|Any CPU.Build.0 = Debug|Any CPU
		{4F759D1D-4DB0-4EA9-9C37-9FE38FA630E9}.Debug|ARM64.ActiveCfg = Debug|Any CPU
		{4F759D1D-4DB0-4EA9-9C37-9FE38FA630E9}.Debug|ARM64.Build.0 = Debug|Any CPU
		{4F759D1D-4DB0-4EA9-9C37-9FE38FA630E9}.Debug|x64.ActiveCfg = Debug|Any CPU
		{4F759D1D-4DB0-4EA9-9C37-9FE38FA630E9}.Debug|x64.Build.0 = Debug|Any CPU
		{4F759D1D-4DB0-4EA9-9C37-9FE38FA630E9}.Debug|x86.ActiveCfg = Debug|Any CPU
		{4F759D1D-4DB0-4EA9-9C37-9FE38FA630E9}.Debug|x86.Build.0 = Debug|Any CPU
		{4F759D1D-4DB0-4EA9-9C37-9FE38FA630E9}.Release|Any CPU.ActiveCfg = Release|Any CPU
		{4F759D1D-4DB0-4EA9-9C37-9FE38FA630E9}.Release|Any CPU.Build.0 = Release|Any CPU
		{4F759D1D-4DB0-4EA9-9C37-9FE38FA630E9}.Release|ARM64.ActiveCfg = Release|Any CPU
		{4F759D1D-4DB0-4EA9-9C37-9FE38FA630E9}.Release|ARM64.Build.0 = Release|Any CPU
		{4F759D1D-4DB0-4EA9-9C37-9FE38FA630E9}.Release|x64.ActiveCfg = Release|Any CPU
		{4F759D1D-4DB0-4EA9-9C37-9FE38FA630E9}.Release|x64.Build.0 = Release|Any CPU
		{4F759D1D-4DB0-4EA9-9C37-9FE38FA630E9}.Release|x86.ActiveCfg = Release|Any CPU
		{4F759D1D-4DB0-4EA9-9C37-9FE38FA630E9}.Release|x86.Build.0 = Release|Any CPU
		{86727252-655B-431D-83B6-08DABC2E7B9A}.Debug|Any CPU.ActiveCfg = Debug|Any CPU
		{86727252-655B-431D-83B6-08DABC2E7B9A}.Debug|Any CPU.Build.0 = Debug|Any CPU
		{86727252-655B-431D-83B6-08DABC2E7B9A}.Debug|ARM64.ActiveCfg = Debug|Any CPU
		{86727252-655B-431D-83B6-08DABC2E7B9A}.Debug|ARM64.Build.0 = Debug|Any CPU
		{86727252-655B-431D-83B6-08DABC2E7B9A}.Debug|x64.ActiveCfg = Debug|Any CPU
		{86727252-655B-431D-83B6-08DABC2E7B9A}.Debug|x64.Build.0 = Debug|Any CPU
		{86727252-655B-431D-83B6-08DABC2E7B9A}.Debug|x86.ActiveCfg = Debug|Any CPU
		{86727252-655B-431D-83B6-08DABC2E7B9A}.Debug|x86.Build.0 = Debug|Any CPU
		{86727252-655B-431D-83B6-08DABC2E7B9A}.Release|Any CPU.ActiveCfg = Release|Any CPU
		{86727252-655B-431D-83B6-08DABC2E7B9A}.Release|Any CPU.Build.0 = Release|Any CPU
		{86727252-655B-431D-83B6-08DABC2E7B9A}.Release|ARM64.ActiveCfg = Release|Any CPU
		{86727252-655B-431D-83B6-08DABC2E7B9A}.Release|ARM64.Build.0 = Release|Any CPU
		{86727252-655B-431D-83B6-08DABC2E7B9A}.Release|x64.ActiveCfg = Release|Any CPU
		{86727252-655B-431D-83B6-08DABC2E7B9A}.Release|x64.Build.0 = Release|Any CPU
		{86727252-655B-431D-83B6-08DABC2E7B9A}.Release|x86.ActiveCfg = Release|Any CPU
		{86727252-655B-431D-83B6-08DABC2E7B9A}.Release|x86.Build.0 = Release|Any CPU
		{8B18C263-84EF-4605-8214-0DD89842C4E4}.Debug|Any CPU.ActiveCfg = Debug|Any CPU
		{8B18C263-84EF-4605-8214-0DD89842C4E4}.Debug|Any CPU.Build.0 = Debug|Any CPU
		{8B18C263-84EF-4605-8214-0DD89842C4E4}.Debug|ARM64.ActiveCfg = Debug|Any CPU
		{8B18C263-84EF-4605-8214-0DD89842C4E4}.Debug|ARM64.Build.0 = Debug|Any CPU
		{8B18C263-84EF-4605-8214-0DD89842C4E4}.Debug|x64.ActiveCfg = Debug|Any CPU
		{8B18C263-84EF-4605-8214-0DD89842C4E4}.Debug|x64.Build.0 = Debug|Any CPU
		{8B18C263-84EF-4605-8214-0DD89842C4E4}.Debug|x86.ActiveCfg = Debug|Any CPU
		{8B18C263-84EF-4605-8214-0DD89842C4E4}.Debug|x86.Build.0 = Debug|Any CPU
		{8B18C263-84EF-4605-8214-0DD89842C4E4}.Release|Any CPU.ActiveCfg = Release|Any CPU
		{8B18C263-84EF-4605-8214-0DD89842C4E4}.Release|Any CPU.Build.0 = Release|Any CPU
		{8B18C263-84EF-4605-8214-0DD89842C4E4}.Release|ARM64.ActiveCfg = Release|Any CPU
		{8B18C263-84EF-4605-8214-0DD89842C4E4}.Release|ARM64.Build.0 = Release|Any CPU
		{8B18C263-84EF-4605-8214-0DD89842C4E4}.Release|x64.ActiveCfg = Release|Any CPU
		{8B18C263-84EF-4605-8214-0DD89842C4E4}.Release|x64.Build.0 = Release|Any CPU
		{8B18C263-84EF-4605-8214-0DD89842C4E4}.Release|x86.ActiveCfg = Release|Any CPU
		{8B18C263-84EF-4605-8214-0DD89842C4E4}.Release|x86.Build.0 = Release|Any CPU
		{6FD36D8B-E4D9-470B-A535-1583605E42C8}.Debug|Any CPU.ActiveCfg = Debug|Any CPU
		{6FD36D8B-E4D9-470B-A535-1583605E42C8}.Debug|ARM64.ActiveCfg = Debug|Any CPU
		{6FD36D8B-E4D9-470B-A535-1583605E42C8}.Debug|ARM64.Build.0 = Debug|Any CPU
		{6FD36D8B-E4D9-470B-A535-1583605E42C8}.Debug|x64.ActiveCfg = Debug|Any CPU
		{6FD36D8B-E4D9-470B-A535-1583605E42C8}.Debug|x64.Build.0 = Debug|Any CPU
		{6FD36D8B-E4D9-470B-A535-1583605E42C8}.Debug|x86.ActiveCfg = Debug|Any CPU
		{6FD36D8B-E4D9-470B-A535-1583605E42C8}.Debug|x86.Build.0 = Debug|Any CPU
		{6FD36D8B-E4D9-470B-A535-1583605E42C8}.Release|Any CPU.ActiveCfg = Release|Any CPU
		{6FD36D8B-E4D9-470B-A535-1583605E42C8}.Release|ARM64.ActiveCfg = Release|Any CPU
		{6FD36D8B-E4D9-470B-A535-1583605E42C8}.Release|ARM64.Build.0 = Release|Any CPU
		{6FD36D8B-E4D9-470B-A535-1583605E42C8}.Release|x64.ActiveCfg = Release|Any CPU
		{6FD36D8B-E4D9-470B-A535-1583605E42C8}.Release|x64.Build.0 = Release|Any CPU
		{6FD36D8B-E4D9-470B-A535-1583605E42C8}.Release|x86.ActiveCfg = Release|Any CPU
		{6FD36D8B-E4D9-470B-A535-1583605E42C8}.Release|x86.Build.0 = Release|Any CPU
		{036DB0E6-320D-4B25-A905-C10BE61A9C40}.Debug|Any CPU.ActiveCfg = Debug|Any CPU
		{036DB0E6-320D-4B25-A905-C10BE61A9C40}.Debug|ARM64.ActiveCfg = Debug|Any CPU
		{036DB0E6-320D-4B25-A905-C10BE61A9C40}.Debug|ARM64.Build.0 = Debug|Any CPU
		{036DB0E6-320D-4B25-A905-C10BE61A9C40}.Debug|x64.ActiveCfg = Debug|Any CPU
		{036DB0E6-320D-4B25-A905-C10BE61A9C40}.Debug|x64.Build.0 = Debug|Any CPU
		{036DB0E6-320D-4B25-A905-C10BE61A9C40}.Debug|x86.ActiveCfg = Debug|Any CPU
		{036DB0E6-320D-4B25-A905-C10BE61A9C40}.Debug|x86.Build.0 = Debug|Any CPU
		{036DB0E6-320D-4B25-A905-C10BE61A9C40}.Release|Any CPU.ActiveCfg = Release|Any CPU
		{036DB0E6-320D-4B25-A905-C10BE61A9C40}.Release|ARM64.ActiveCfg = Release|Any CPU
		{036DB0E6-320D-4B25-A905-C10BE61A9C40}.Release|ARM64.Build.0 = Release|Any CPU
		{036DB0E6-320D-4B25-A905-C10BE61A9C40}.Release|x64.ActiveCfg = Release|Any CPU
		{036DB0E6-320D-4B25-A905-C10BE61A9C40}.Release|x64.Build.0 = Release|Any CPU
		{036DB0E6-320D-4B25-A905-C10BE61A9C40}.Release|x86.ActiveCfg = Release|Any CPU
		{036DB0E6-320D-4B25-A905-C10BE61A9C40}.Release|x86.Build.0 = Release|Any CPU
		{6EE468EA-CBC0-4DA0-BE98-255D48B5BF31}.Debug|Any CPU.ActiveCfg = Debug|Any CPU
		{6EE468EA-CBC0-4DA0-BE98-255D48B5BF31}.Debug|ARM64.ActiveCfg = Debug|Any CPU
		{6EE468EA-CBC0-4DA0-BE98-255D48B5BF31}.Debug|ARM64.Build.0 = Debug|Any CPU
		{6EE468EA-CBC0-4DA0-BE98-255D48B5BF31}.Debug|x64.ActiveCfg = Debug|Any CPU
		{6EE468EA-CBC0-4DA0-BE98-255D48B5BF31}.Debug|x64.Build.0 = Debug|Any CPU
		{6EE468EA-CBC0-4DA0-BE98-255D48B5BF31}.Debug|x86.ActiveCfg = Debug|Any CPU
		{6EE468EA-CBC0-4DA0-BE98-255D48B5BF31}.Debug|x86.Build.0 = Debug|Any CPU
		{6EE468EA-CBC0-4DA0-BE98-255D48B5BF31}.Release|Any CPU.ActiveCfg = Release|Any CPU
		{6EE468EA-CBC0-4DA0-BE98-255D48B5BF31}.Release|ARM64.ActiveCfg = Release|Any CPU
		{6EE468EA-CBC0-4DA0-BE98-255D48B5BF31}.Release|ARM64.Build.0 = Release|Any CPU
		{6EE468EA-CBC0-4DA0-BE98-255D48B5BF31}.Release|x64.ActiveCfg = Release|Any CPU
		{6EE468EA-CBC0-4DA0-BE98-255D48B5BF31}.Release|x64.Build.0 = Release|Any CPU
		{6EE468EA-CBC0-4DA0-BE98-255D48B5BF31}.Release|x86.ActiveCfg = Release|Any CPU
		{6EE468EA-CBC0-4DA0-BE98-255D48B5BF31}.Release|x86.Build.0 = Release|Any CPU
		{C017846F-3047-4894-BF60-7773007F0E1D}.Debug|Any CPU.ActiveCfg = Debug|Any CPU
		{C017846F-3047-4894-BF60-7773007F0E1D}.Debug|Any CPU.Build.0 = Debug|Any CPU
		{C017846F-3047-4894-BF60-7773007F0E1D}.Debug|ARM64.ActiveCfg = Debug|Any CPU
		{C017846F-3047-4894-BF60-7773007F0E1D}.Debug|ARM64.Build.0 = Debug|Any CPU
		{C017846F-3047-4894-BF60-7773007F0E1D}.Debug|x64.ActiveCfg = Debug|Any CPU
		{C017846F-3047-4894-BF60-7773007F0E1D}.Debug|x64.Build.0 = Debug|Any CPU
		{C017846F-3047-4894-BF60-7773007F0E1D}.Debug|x86.ActiveCfg = Debug|Any CPU
		{C017846F-3047-4894-BF60-7773007F0E1D}.Debug|x86.Build.0 = Debug|Any CPU
		{C017846F-3047-4894-BF60-7773007F0E1D}.Release|Any CPU.ActiveCfg = Release|Any CPU
		{C017846F-3047-4894-BF60-7773007F0E1D}.Release|Any CPU.Build.0 = Release|Any CPU
		{C017846F-3047-4894-BF60-7773007F0E1D}.Release|ARM64.ActiveCfg = Release|Any CPU
		{C017846F-3047-4894-BF60-7773007F0E1D}.Release|ARM64.Build.0 = Release|Any CPU
		{C017846F-3047-4894-BF60-7773007F0E1D}.Release|x64.ActiveCfg = Release|Any CPU
		{C017846F-3047-4894-BF60-7773007F0E1D}.Release|x64.Build.0 = Release|Any CPU
		{C017846F-3047-4894-BF60-7773007F0E1D}.Release|x86.ActiveCfg = Release|Any CPU
		{C017846F-3047-4894-BF60-7773007F0E1D}.Release|x86.Build.0 = Release|Any CPU
		{B33E0959-DD9D-4430-B14A-734BDA6C6E26}.Debug|Any CPU.ActiveCfg = Debug|x64
		{B33E0959-DD9D-4430-B14A-734BDA6C6E26}.Debug|Any CPU.Build.0 = Debug|x64
		{B33E0959-DD9D-4430-B14A-734BDA6C6E26}.Debug|ARM64.ActiveCfg = Debug|ARM64
		{B33E0959-DD9D-4430-B14A-734BDA6C6E26}.Debug|ARM64.Build.0 = Debug|ARM64
		{B33E0959-DD9D-4430-B14A-734BDA6C6E26}.Debug|x64.ActiveCfg = Debug|x64
		{B33E0959-DD9D-4430-B14A-734BDA6C6E26}.Debug|x64.Build.0 = Debug|x64
		{B33E0959-DD9D-4430-B14A-734BDA6C6E26}.Debug|x86.ActiveCfg = Debug|x86
		{B33E0959-DD9D-4430-B14A-734BDA6C6E26}.Debug|x86.Build.0 = Debug|x86
		{B33E0959-DD9D-4430-B14A-734BDA6C6E26}.Release|Any CPU.ActiveCfg = Release|x64
		{B33E0959-DD9D-4430-B14A-734BDA6C6E26}.Release|Any CPU.Build.0 = Release|x64
		{B33E0959-DD9D-4430-B14A-734BDA6C6E26}.Release|ARM64.ActiveCfg = Release|ARM64
		{B33E0959-DD9D-4430-B14A-734BDA6C6E26}.Release|ARM64.Build.0 = Release|ARM64
		{B33E0959-DD9D-4430-B14A-734BDA6C6E26}.Release|x64.ActiveCfg = Release|x64
		{B33E0959-DD9D-4430-B14A-734BDA6C6E26}.Release|x64.Build.0 = Release|x64
		{B33E0959-DD9D-4430-B14A-734BDA6C6E26}.Release|x86.ActiveCfg = Release|x86
		{B33E0959-DD9D-4430-B14A-734BDA6C6E26}.Release|x86.Build.0 = Release|x86
	EndGlobalSection
	GlobalSection(SolutionProperties) = preSolution
		HideSolutionNode = FALSE
	EndGlobalSection
	GlobalSection(ExtensibilityGlobals) = postSolution
		SolutionGuid = {5533A82A-2FA5-4789-87AB-229038190418}
	EndGlobalSection
EndGlobal
